
Microsoft Visual Studio Solution File, Format Version 12.00
# Visual Studio Version 16
VisualStudioVersion = 16.0.30011.22
MinimumVisualStudioVersion = 10.0.40219.1
Project("{9A19103F-16F7-4668-BE54-9A1E7A4F7556}") = "WebApp", "WebApp\WebApp.csproj", "{0DD54621-D82F-482F-8AAE-5A97FAD6568E}"
EndProject
Project("{FAE04EC0-301F-11D3-BF4B-00C04F79EFBC}") = "Services", "Services\Services.csproj", "{BF5771D2-B719-4239-9305-BBE205A23CBB}"
EndProject
Project("{FAE04EC0-301F-11D3-BF4B-00C04F79EFBC}") = "Base", "Base\Base.csproj", "{0F52FE56-AFE3-4442-A33B-C10793DDF5B0}"
EndProject
Global
	GlobalSection(SolutionConfigurationPlatforms) = preSolution
		Debug|Any CPU = Debug|Any CPU
		Release|Any CPU = Release|Any CPU
	EndGlobalSection
	GlobalSection(ProjectConfigurationPlatforms) = postSolution
		{0DD54621-D82F-482F-8AAE-5A97FAD6568E}.Debug|Any CPU.ActiveCfg = Debug|Any CPU
		{0DD54621-D82F-482F-8AAE-5A97FAD6568E}.Debug|Any CPU.Build.0 = Debug|Any CPU
		{0DD54621-D82F-482F-8AAE-5A97FAD6568E}.Release|Any CPU.ActiveCfg = Release|Any CPU
		{0DD54621-D82F-482F-8AAE-5A97FAD6568E}.Release|Any CPU.Build.0 = Release|Any CPU
		{BF5771D2-B719-4239-9305-BBE205A23CBB}.Debug|Any CPU.ActiveCfg = Debug|Any CPU
		{BF5771D2-B719-4239-9305-BBE205A23CBB}.Debug|Any CPU.Build.0 = Debug|Any CPU
		{BF5771D2-B719-4239-9305-BBE205A23CBB}.Release|Any CPU.ActiveCfg = Release|Any CPU
		{BF5771D2-B719-4239-9305-BBE205A23CBB}.Release|Any CPU.Build.0 = Release|Any CPU
		{0F52FE56-AFE3-4442-A33B-C10793DDF5B0}.Debug|Any CPU.ActiveCfg = Debug|Any CPU
		{0F52FE56-AFE3-4442-A33B-C10793DDF5B0}.Debug|Any CPU.Build.0 = Debug|Any CPU
		{0F52FE56-AFE3-4442-A33B-C10793DDF5B0}.Release|Any CPU.ActiveCfg = Release|Any CPU
		{0F52FE56-AFE3-4442-A33B-C10793DDF5B0}.Release|Any CPU.Build.0 = Release|Any CPU
	EndGlobalSection
	GlobalSection(SolutionProperties) = preSolution
		HideSolutionNode = FALSE
	EndGlobalSection
	GlobalSection(ExtensibilityGlobals) = postSolution
		SolutionGuid = {EE799547-489B-4255-B152-D8BB446A5BA3}
	EndGlobalSection
EndGlobal
